
Microsoft Visual Studio Solution File, Format Version 12.00
# Visual Studio Version 17
VisualStudioVersion = 17.1.32228.430
MinimumVisualStudioVersion = 10.0.40219.1
Project("{FAE04EC0-301F-11D3-BF4B-00C04F79EFBC}") = "clase3claseElemental", "clase3claseElemental.csproj", "{233FA809-76C8-428E-8B80-2A497CC60AAD}"
EndProject
Global
	GlobalSection(SolutionConfigurationPlatforms) = preSolution
		Debug|Any CPU = Debug|Any CPU
		Release|Any CPU = Release|Any CPU
	EndGlobalSection
	GlobalSection(ProjectConfigurationPlatforms) = postSolution
		{233FA809-76C8-428E-8B80-2A497CC60AAD}.Debug|Any CPU.ActiveCfg = Debug|Any CPU
		{233FA809-76C8-428E-8B80-2A497CC60AAD}.Debug|Any CPU.Build.0 = Debug|Any CPU
		{233FA809-76C8-428E-8B80-2A497CC60AAD}.Release|Any CPU.ActiveCfg = Release|Any CPU
		{233FA809-76C8-428E-8B80-2A497CC60AAD}.Release|Any CPU.Build.0 = Release|Any CPU
	EndGlobalSection
	GlobalSection(SolutionProperties) = preSolution
		HideSolutionNode = FALSE
	EndGlobalSection
	GlobalSection(ExtensibilityGlobals) = postSolution
		SolutionGuid = {C9CB120A-FEEC-4A25-83C2-B8E54EE52925}
	EndGlobalSection
EndGlobal
